
Microsoft Visual Studio Solution File, Format Version 12.00
# Visual Studio Version 16
VisualStudioVersion = 16.0.30011.22
MinimumVisualStudioVersion = 10.0.40219.1
Project("{9A19103F-16F7-4668-BE54-9A1E7A4F7556}") = "SparkAuto", "SparkAuto.csproj", "{B4D1303A-37F4-4BDC-85C6-3D8A429A94F0}"
EndProject
Global
	GlobalSection(SolutionConfigurationPlatforms) = preSolution
		Debug|Any CPU = Debug|Any CPU
		Release|Any CPU = Release|Any CPU
	EndGlobalSection
	GlobalSection(ProjectConfigurationPlatforms) = postSolution
		{B4D1303A-37F4-4BDC-85C6-3D8A429A94F0}.Debug|Any CPU.ActiveCfg = Debug|Any CPU
		{B4D1303A-37F4-4BDC-85C6-3D8A429A94F0}.Debug|Any CPU.Build.0 = Debug|Any CPU
		{B4D1303A-37F4-4BDC-85C6-3D8A429A94F0}.Release|Any CPU.ActiveCfg = Release|Any CPU
		{B4D1303A-37F4-4BDC-85C6-3D8A429A94F0}.Release|Any CPU.Build.0 = Release|Any CPU
	EndGlobalSection
	GlobalSection(SolutionProperties) = preSolution
		HideSolutionNode = FALSE
	EndGlobalSection
	GlobalSection(ExtensibilityGlobals) = postSolution
		SolutionGuid = {A97D6B96-3DFC-468D-9A5F-FAB76DDEA908}
	EndGlobalSection
EndGlobal
